
Microsoft Visual Studio Solution File, Format Version 12.00
# Visual Studio Version 16
VisualStudioVersion = 16.0.30907.101
MinimumVisualStudioVersion = 10.0.40219.1
Project("{2150E333-8FDC-42A3-9474-1A3956D46DE8}") = "Task0", "Task0", "{843192B0-373C-4B08-983D-61FADA556A0D}"
EndProject
Project("{FAE04EC0-301F-11D3-BF4B-00C04F79EFBC}") = "Tyuiu.ShepiotkinIA.Sprint3.Task0.V21", "Tyuiu.ShepiotkinIA.Sprint3.Task0.V21\Tyuiu.ShepiotkinIA.Sprint3.Task0.V21.csproj", "{739BCF6D-9A53-479D-9F8A-11DB89FCBF42}"
EndProject
Project("{FAE04EC0-301F-11D3-BF4B-00C04F79EFBC}") = "Tyuiu.ShepiotkinIA.Sprint3.Task0.V21.Lib", "Tyuiu.ShepiotkinIA.Sprint3.Task0.V21.Lib\Tyuiu.ShepiotkinIA.Sprint3.Task0.V21.Lib.csproj", "{EB9B1A79-E8B3-4F61-8A41-CBEAB36DEB4C}"
EndProject
Project("{FAE04EC0-301F-11D3-BF4B-00C04F79EFBC}") = "Tyuiu.ShepiotkinIA.Sprint3.Task0.V21.Test", "Tyuiu.ShepiotkinIA.Sprint3.Task0.V21.Test\Tyuiu.ShepiotkinIA.Sprint3.Task0.V21.Test.csproj", "{A9CB66EE-850E-4EDC-9E49-4119D70FC4AE}"
EndProject
Project("{2150E333-8FDC-42A3-9474-1A3956D46DE8}") = "Task1", "Task1", "{AC9EEB11-18BA-4F7B-8A67-DA392312C934}"
EndProject
Project("{FAE04EC0-301F-11D3-BF4B-00C04F79EFBC}") = "Tyuiu.ShepiotkinIA.Sprint3.Task1.V29", "Tyuiu.ShepiotkinIA.Sprint3.Task1.V29\Tyuiu.ShepiotkinIA.Sprint3.Task1.V29.csproj", "{A038652D-03D7-451F-A73B-0C12D0FB6AD1}"
EndProject
Project("{FAE04EC0-301F-11D3-BF4B-00C04F79EFBC}") = "Tyuiu.ShepiotkinIA.Sprint3.Task1.V29.Test", "Tyuiu.ShepiotkinIA.Sprint3.Task1.V29.Test\Tyuiu.ShepiotkinIA.Sprint3.Task1.V29.Test.csproj", "{80BADAE0-864F-4899-B5DC-2C83FD109250}"
EndProject
Project("{FAE04EC0-301F-11D3-BF4B-00C04F79EFBC}") = "Tyuiu.ShepiotkinIA.Sprint3.Task1.V29.Lib", "Tyuiu.ShepiotkinIA.Sprint3.Task1.V29.Lib\Tyuiu.ShepiotkinIA.Sprint3.Task1.V29.Lib.csproj", "{4AD090A6-992B-49D6-AD0B-A87085F5213D}"
EndProject
Project("{2150E333-8FDC-42A3-9474-1A3956D46DE8}") = "Task2", "Task2", "{A5429082-DB01-4687-B596-9EBEDCFEF57A}"
EndProject
Project("{FAE04EC0-301F-11D3-BF4B-00C04F79EFBC}") = "Tyuiu.ShepiotkinIA.Sprint3.Task2.V4", "Tyuiu.ShepiotkinIA.Sprint3.Task2.V4\Tyuiu.ShepiotkinIA.Sprint3.Task2.V4.csproj", "{015B53AB-CEFE-4464-9089-5A6B5232AF56}"
EndProject
Project("{FAE04EC0-301F-11D3-BF4B-00C04F79EFBC}") = "Tyuiu.ShepiotkinIA.Sprint3.Task2.V4.Lib", "Tyuiu.ShepiotkinIA.Sprint3.Task2.V4.Lib\Tyuiu.ShepiotkinIA.Sprint3.Task2.V4.Lib.csproj", "{1911971A-E9C8-48D1-B56A-401E26609C4C}"
EndProject
Project("{FAE04EC0-301F-11D3-BF4B-00C04F79EFBC}") = "Tyuiu.ShepiotkinIA.Sprint3.Task2.V4.Test", "Tyuiu.ShepiotkinIA.Sprint3.Task2.V4.Test\Tyuiu.ShepiotkinIA.Sprint3.Task2.V4.Test.csproj", "{1C032266-77BD-4568-A834-3F261A2A42DD}"
EndProject
Project("{2150E333-8FDC-42A3-9474-1A3956D46DE8}") = "Task3", "Task3", "{CE87A4FB-D07D-482C-AC5D-614D6A6D1703}"
EndProject
Project("{FAE04EC0-301F-11D3-BF4B-00C04F79EFBC}") = "Tyuiu.ShepiotkinIA.Sprint3.Task3.V24", "Tyuiu.ShepiotkinIA.Sprint3.Task3.V24\Tyuiu.ShepiotkinIA.Sprint3.Task3.V24.csproj", "{22B05DF7-19D5-4D03-A3BB-78D52B6FA186}"
EndProject
Project("{FAE04EC0-301F-11D3-BF4B-00C04F79EFBC}") = "Tyuiu.ShepiotkinIA.Sprint3.Task3.V24.Lib", "Tyuiu.ShepiotkinIA.Sprint3.Task3.V24.Lib\Tyuiu.ShepiotkinIA.Sprint3.Task3.V24.Lib.csproj", "{71DBB48B-93AB-4187-99FA-F2378DB61446}"
EndProject
Project("{FAE04EC0-301F-11D3-BF4B-00C04F79EFBC}") = "Tyuiu.ShepiotkinIA.Sprint3.Task3.V24.Test", "Tyuiu.ShepiotkinIA.Sprint3.Task3.V24.Test\Tyuiu.ShepiotkinIA.Sprint3.Task3.V24.Test.csproj", "{C9E215A3-8112-45A3-9F91-DDA4BEDB26E9}"
EndProject
Project("{2150E333-8FDC-42A3-9474-1A3956D46DE8}") = "Task4", "Task4", "{3E48EEA3-8D91-4065-A59A-445F90F180AD}"
EndProject
Project("{FAE04EC0-301F-11D3-BF4B-00C04F79EFBC}") = "Tyuiu.ShepiotkinIA.Sprint3.Task4.V8", "Tyuiu.ShepiotkinIA.Sprint3.Task4.V8\Tyuiu.ShepiotkinIA.Sprint3.Task4.V8.csproj", "{94C32D7C-06BA-4849-8928-91EBAFFF853F}"
EndProject
Project("{FAE04EC0-301F-11D3-BF4B-00C04F79EFBC}") = "Tyuiu.ShepiotkinIA.Sprint3.Task4.V8.Lib", "Tyuiu.ShepiotkinIA.Sprint3.Task4.V8.Lib\Tyuiu.ShepiotkinIA.Sprint3.Task4.V8.Lib.csproj", "{2AC9523A-0FE5-4D1B-B542-B3DE22CC2F81}"
EndProject
Project("{FAE04EC0-301F-11D3-BF4B-00C04F79EFBC}") = "Tyuiu.ShepiotkinIA.Sprint3.Task4.V8.Test", "Tyuiu.ShepiotkinIA.Sprint3.Task4.V8.Test\Tyuiu.ShepiotkinIA.Sprint3.Task4.V8.Test.csproj", "{D870F055-0473-456F-8ED4-945C39FD6AFE}"
EndProject
Global
	GlobalSection(SolutionConfigurationPlatforms) = preSolution
		Debug|Any CPU = Debug|Any CPU
		Release|Any CPU = Release|Any CPU
	EndGlobalSection
	GlobalSection(ProjectConfigurationPlatforms) = postSolution
		{739BCF6D-9A53-479D-9F8A-11DB89FCBF42}.Debug|Any CPU.ActiveCfg = Debug|Any CPU
		{739BCF6D-9A53-479D-9F8A-11DB89FCBF42}.Debug|Any CPU.Build.0 = Debug|Any CPU
		{739BCF6D-9A53-479D-9F8A-11DB89FCBF42}.Release|Any CPU.ActiveCfg = Release|Any CPU
		{739BCF6D-9A53-479D-9F8A-11DB89FCBF42}.Release|Any CPU.Build.0 = Release|Any CPU
		{EB9B1A79-E8B3-4F61-8A41-CBEAB36DEB4C}.Debug|Any CPU.ActiveCfg = Debug|Any CPU
		{EB9B1A79-E8B3-4F61-8A41-CBEAB36DEB4C}.Debug|Any CPU.Build.0 = Debug|Any CPU
		{EB9B1A79-E8B3-4F61-8A41-CBEAB36DEB4C}.Release|Any CPU.ActiveCfg = Release|Any CPU
		{EB9B1A79-E8B3-4F61-8A41-CBEAB36DEB4C}.Release|Any CPU.Build.0 = Release|Any CPU
		{A9CB66EE-850E-4EDC-9E49-4119D70FC4AE}.Debug|Any CPU.ActiveCfg = Debug|Any CPU
		{A9CB66EE-850E-4EDC-9E49-4119D70FC4AE}.Debug|Any CPU.Build.0 = Debug|Any CPU
		{A9CB66EE-850E-4EDC-9E49-4119D70FC4AE}.Release|Any CPU.ActiveCfg = Release|Any CPU
		{A9CB66EE-850E-4EDC-9E49-4119D70FC4AE}.Release|Any CPU.Build.0 = Release|Any CPU
		{A038652D-03D7-451F-A73B-0C12D0FB6AD1}.Debug|Any CPU.ActiveCfg = Debug|Any CPU
		{A038652D-03D7-451F-A73B-0C12D0FB6AD1}.Debug|Any CPU.Build.0 = Debug|Any CPU
		{A038652D-03D7-451F-A73B-0C12D0FB6AD1}.Release|Any CPU.ActiveCfg = Release|Any CPU
		{A038652D-03D7-451F-A73B-0C12D0FB6AD1}.Release|Any CPU.Build.0 = Release|Any CPU
		{80BADAE0-864F-4899-B5DC-2C83FD109250}.Debug|Any CPU.ActiveCfg = Debug|Any CPU
		{80BADAE0-864F-4899-B5DC-2C83FD109250}.Debug|Any CPU.Build.0 = Debug|Any CPU
		{80BADAE0-864F-4899-B5DC-2C83FD109250}.Release|Any CPU.ActiveCfg = Release|Any CPU
		{80BADAE0-864F-4899-B5DC-2C83FD109250}.Release|Any CPU.Build.0 = Release|Any CPU
		{4AD090A6-992B-49D6-AD0B-A87085F5213D}.Debug|Any CPU.ActiveCfg = Debug|Any CPU
		{4AD090A6-992B-49D6-AD0B-A87085F5213D}.Debug|Any CPU.Build.0 = Debug|Any CPU
		{4AD090A6-992B-49D6-AD0B-A87085F5213D}.Release|Any CPU.ActiveCfg = Release|Any CPU
		{4AD090A6-992B-49D6-AD0B-A87085F5213D}.Release|Any CPU.Build.0 = Release|Any CPU
		{015B53AB-CEFE-4464-9089-5A6B5232AF56}.Debug|Any CPU.ActiveCfg = Debug|Any CPU
		{015B53AB-CEFE-4464-9089-5A6B5232AF56}.Debug|Any CPU.Build.0 = Debug|Any CPU
		{015B53AB-CEFE-4464-9089-5A6B5232AF56}.Release|Any CPU.ActiveCfg = Release|Any CPU
		{015B53AB-CEFE-4464-9089-5A6B5232AF56}.Release|Any CPU.Build.0 = Release|Any CPU
		{1911971A-E9C8-48D1-B56A-401E26609C4C}.Debug|Any CPU.ActiveCfg = Debug|Any CPU
		{1911971A-E9C8-48D1-B56A-401E26609C4C}.Debug|Any CPU.Build.0 = Debug|Any CPU
		{1911971A-E9C8-48D1-B56A-401E26609C4C}.Release|Any CPU.ActiveCfg = Release|Any CPU
		{1911971A-E9C8-48D1-B56A-401E26609C4C}.Release|Any CPU.Build.0 = Release|Any CPU
		{1C032266-77BD-4568-A834-3F261A2A42DD}.Debug|Any CPU.ActiveCfg = Debug|Any CPU
		{1C032266-77BD-4568-A834-3F261A2A42DD}.Debug|Any CPU.Build.0 = Debug|Any CPU
		{1C032266-77BD-4568-A834-3F261A2A42DD}.Release|Any CPU.ActiveCfg = Release|Any CPU
		{1C032266-77BD-4568-A834-3F261A2A42DD}.Release|Any CPU.Build.0 = Release|Any CPU
		{22B05DF7-19D5-4D03-A3BB-78D52B6FA186}.Debug|Any CPU.ActiveCfg = Debug|Any CPU
		{22B05DF7-19D5-4D03-A3BB-78D52B6FA186}.Debug|Any CPU.Build.0 = Debug|Any CPU
		{22B05DF7-19D5-4D03-A3BB-78D52B6FA186}.Release|Any CPU.ActiveCfg = Release|Any CPU
		{22B05DF7-19D5-4D03-A3BB-78D52B6FA186}.Release|Any CPU.Build.0 = Release|Any CPU
		{71DBB48B-93AB-4187-99FA-F2378DB61446}.Debug|Any CPU.ActiveCfg = Debug|Any CPU
		{71DBB48B-93AB-4187-99FA-F2378DB61446}.Debug|Any CPU.Build.0 = Debug|Any CPU
		{71DBB48B-93AB-4187-99FA-F2378DB61446}.Release|Any CPU.ActiveCfg = Release|Any CPU
		{71DBB48B-93AB-4187-99FA-F2378DB61446}.Release|Any CPU.Build.0 = Release|Any CPU
		{C9E215A3-8112-45A3-9F91-DDA4BEDB26E9}.Debug|Any CPU.ActiveCfg = Debug|Any CPU
		{C9E215A3-8112-45A3-9F91-DDA4BEDB26E9}.Debug|Any CPU.Build.0 = Debug|Any CPU
		{C9E215A3-8112-45A3-9F91-DDA4BEDB26E9}.Release|Any CPU.ActiveCfg = Release|Any CPU
		{C9E215A3-8112-45A3-9F91-DDA4BEDB26E9}.Release|Any CPU.Build.0 = Release|Any CPU
		{94C32D7C-06BA-4849-8928-91EBAFFF853F}.Debug|Any CPU.ActiveCfg = Debug|Any CPU
		{94C32D7C-06BA-4849-8928-91EBAFFF853F}.Debug|Any CPU.Build.0 = Debug|Any CPU
		{94C32D7C-06BA-4849-8928-91EBAFFF853F}.Release|Any CPU.ActiveCfg = Release|Any CPU
		{94C32D7C-06BA-4849-8928-91EBAFFF853F}.Release|Any CPU.Build.0 = Release|Any CPU
		{2AC9523A-0FE5-4D1B-B542-B3DE22CC2F81}.Debug|Any CPU.ActiveCfg = Debug|Any CPU
		{2AC9523A-0FE5-4D1B-B542-B3DE22CC2F81}.Debug|Any CPU.Build.0 = Debug|Any CPU
		{2AC9523A-0FE5-4D1B-B542-B3DE22CC2F81}.Release|Any CPU.ActiveCfg = Release|Any CPU
		{2AC9523A-0FE5-4D1B-B542-B3DE22CC2F81}.Release|Any CPU.Build.0 = Release|Any CPU
		{D870F055-0473-456F-8ED4-945C39FD6AFE}.Debug|Any CPU.ActiveCfg = Debug|Any CPU
		{D870F055-0473-456F-8ED4-945C39FD6AFE}.Debug|Any CPU.Build.0 = Debug|Any CPU
		{D870F055-0473-456F-8ED4-945C39FD6AFE}.Release|Any CPU.ActiveCfg = Release|Any CPU
		{D870F055-0473-456F-8ED4-945C39FD6AFE}.Release|Any CPU.Build.0 = Release|Any CPU
	EndGlobalSection
	GlobalSection(SolutionProperties) = preSolution
		HideSolutionNode = FALSE
	EndGlobalSection
	GlobalSection(NestedProjects) = preSolution
		{739BCF6D-9A53-479D-9F8A-11DB89FCBF42} = {843192B0-373C-4B08-983D-61FADA556A0D}
		{EB9B1A79-E8B3-4F61-8A41-CBEAB36DEB4C} = {843192B0-373C-4B08-983D-61FADA556A0D}
		{A9CB66EE-850E-4EDC-9E49-4119D70FC4AE} = {843192B0-373C-4B08-983D-61FADA556A0D}
		{A038652D-03D7-451F-A73B-0C12D0FB6AD1} = {AC9EEB11-18BA-4F7B-8A67-DA392312C934}
		{80BADAE0-864F-4899-B5DC-2C83FD109250} = {AC9EEB11-18BA-4F7B-8A67-DA392312C934}
		{4AD090A6-992B-49D6-AD0B-A87085F5213D} = {AC9EEB11-18BA-4F7B-8A67-DA392312C934}
		{015B53AB-CEFE-4464-9089-5A6B5232AF56} = {A5429082-DB01-4687-B596-9EBEDCFEF57A}
		{1911971A-E9C8-48D1-B56A-401E26609C4C} = {A5429082-DB01-4687-B596-9EBEDCFEF57A}
		{1C032266-77BD-4568-A834-3F261A2A42DD} = {A5429082-DB01-4687-B596-9EBEDCFEF57A}
		{22B05DF7-19D5-4D03-A3BB-78D52B6FA186} = {CE87A4FB-D07D-482C-AC5D-614D6A6D1703}
		{71DBB48B-93AB-4187-99FA-F2378DB61446} = {CE87A4FB-D07D-482C-AC5D-614D6A6D1703}
		{C9E215A3-8112-45A3-9F91-DDA4BEDB26E9} = {CE87A4FB-D07D-482C-AC5D-614D6A6D1703}
		{94C32D7C-06BA-4849-8928-91EBAFFF853F} = {3E48EEA3-8D91-4065-A59A-445F90F180AD}
		{2AC9523A-0FE5-4D1B-B542-B3DE22CC2F81} = {3E48EEA3-8D91-4065-A59A-445F90F180AD}
		{D870F055-0473-456F-8ED4-945C39FD6AFE} = {3E48EEA3-8D91-4065-A59A-445F90F180AD}
	EndGlobalSection
	GlobalSection(ExtensibilityGlobals) = postSolution
		SolutionGuid = {D0B21BC3-869A-4E03-A2DE-55589C6EDAD0}
	EndGlobalSection
EndGlobal
